<?xml version="1.0" encoding="utf-8"?>
<Project ToolsVersion="4.0" xmlns="http://schemas.microsoft.com/developer/msbuild/2003">
  <ItemGroup>
    <ClCompile Include="..\..\code\client\cl_avi.cpp" />
    <ClCompile Include="..\..\code\client\cl_cgame.cpp" />
    <ClCompile Include="..\..\code\client\cl_cin.cpp" />
    <ClCompile Include="..\..\code\client\cl_console.cpp" />
    <ClCompile Include="..\..\code\client\cl_curl.cpp" />
    <ClCompile Include="..\..\code\client\cl_input.cpp" />
    <ClCompile Include="..\..\code\client\cl_keys.cpp" />
    <ClCompile Include="..\..\code\client\cl_main.cpp" />
    <ClCompile Include="..\..\code\client\cl_net_chan.cpp" />
    <ClCompile Include="..\..\code\client\cl_parse.cpp" />
    <ClCompile Include="..\..\code\client\cl_scrn.cpp" />
    <ClCompile Include="..\..\code\client\cl_ui.cpp" />
    <ClCompile Include="..\..\code\client\qal.cpp" />
    <ClCompile Include="..\..\code\client\snd_adpcm.cpp" />
    <ClCompile Include="..\..\code\client\snd_codec.cpp" />
    <ClCompile Include="..\..\code\client\snd_codec_ogg.cpp" />
    <ClCompile Include="..\..\code\client\snd_codec_wav.cpp" />
    <ClCompile Include="..\..\code\client\snd_dma.cpp" />
    <ClCompile Include="..\..\code\client\snd_main.cpp" />
    <ClCompile Include="..\..\code\client\snd_mem.cpp" />
    <ClCompile Include="..\..\code\client\snd_mix.cpp" />
    <ClCompile Include="..\..\code\client\snd_openal.cpp" />
    <ClCompile Include="..\..\code\client\snd_wavelet.cpp" />
    <ClCompile Include="..\..\code\qcommon\cmd.cpp" />
    <ClCompile Include="..\..\code\qcommon\cm_load.cpp" />
    <ClCompile Include="..\..\code\qcommon\cm_patch.cpp" />
    <ClCompile Include="..\..\code\qcommon\cm_polylib.cpp" />
    <ClCompile Include="..\..\code\qcommon\cm_test.cpp" />
    <ClCompile Include="..\..\code\qcommon\cm_trace.cpp" />
    <ClCompile Include="..\..\code\qcommon\common.cpp" />
    <ClCompile Include="..\..\code\qcommon\cvar.cpp" />
    <ClCompile Include="..\..\code\qcommon\files.cpp" />
    <ClCompile Include="..\..\code\qcommon\huffman.cpp" />
    <ClCompile Include="..\..\code\qcommon\ioapi.cpp" />
    <ClCompile Include="..\..\code\qcommon\md4.cpp" />
    <ClCompile Include="..\..\code\qcommon\md5.cpp" />
    <ClCompile Include="..\..\code\qcommon\msg.cpp" />
    <ClCompile Include="..\..\code\qcommon\net_chan.cpp" />
    <ClCompile Include="..\..\code\qcommon\net_ip.cpp" />
    <ClCompile Include="..\..\code\qcommon\puff.cpp" />
    <ClCompile Include="..\..\code\qcommon\q_math.cpp" />
    <ClCompile Include="..\..\code\qcommon\q_shared.cpp" />
    <ClCompile Include="..\..\code\qcommon\unzip.cpp" />
    <ClCompile Include="..\..\code\qcommon\vm.cpp" />
    <ClCompile Include="..\..\code\qcommon\vm_interpreted.cpp" />
    <ClCompile Include="..\..\code\qcommon\vm_x86.cpp" />
    <ClCompile Include="..\..\code\sdl\sdl_input.cpp" />
    <ClCompile Include="..\..\code\sdl\sdl_snd.cpp" />
    <ClCompile Include="..\..\code\server\sv_bot.cpp" />
    <ClCompile Include="..\..\code\server\sv_ccmds.cpp" />
    <ClCompile Include="..\..\code\server\sv_client.cpp" />
    <ClCompile Include="..\..\code\server\sv_game.cpp" />
    <ClCompile Include="..\..\code\server\sv_init.cpp" />
    <ClCompile Include="..\..\code\server\sv_main.cpp" />
    <ClCompile Include="..\..\code\server\sv_net_chan.cpp" />
    <ClCompile Include="..\..\code\server\sv_snapshot.cpp" />
    <ClCompile Include="..\..\code\server\sv_world.cpp" />
    <ClCompile Include="..\..\code\sys\con_log.cpp" />
    <ClCompile Include="..\..\code\sys\con_passive.cpp" />
    <ClCompile Include="..\..\code\sys\sys_autoupdater.cpp" />
    <ClCompile Include="..\..\code\sys\sys_main.cpp" />
    <ClCompile Include="..\..\code\sys\sys_win32.cpp" />
    <ClCompile Include="..\..\code\botlib\be_aas_bspq3.cpp">
      <Filter>botlib</Filter>
    </ClCompile>
    <ClCompile Include="..\..\code\botlib\be_aas_cluster.cpp">
      <Filter>botlib</Filter>
    </ClCompile>
    <ClCompile Include="..\..\code\botlib\be_aas_debug.cpp">
      <Filter>botlib</Filter>
    </ClCompile>
    <ClCompile Include="..\..\code\botlib\be_aas_entity.cpp">
      <Filter>botlib</Filter>
    </ClCompile>
    <ClCompile Include="..\..\code\botlib\be_aas_file.cpp">
      <Filter>botlib</Filter>
    </ClCompile>
    <ClCompile Include="..\..\code\botlib\be_aas_main.cpp">
      <Filter>botlib</Filter>
    </ClCompile>
    <ClCompile Include="..\..\code\botlib\be_aas_move.cpp">
      <Filter>botlib</Filter>
    </ClCompile>
    <ClCompile Include="..\..\code\botlib\be_aas_optimize.cpp">
      <Filter>botlib</Filter>
    </ClCompile>
    <ClCompile Include="..\..\code\botlib\be_aas_reach.cpp">
      <Filter>botlib</Filter>
    </ClCompile>
    <ClCompile Include="..\..\code\botlib\be_aas_route.cpp">
      <Filter>botlib</Filter>
    </ClCompile>
    <ClCompile Include="..\..\code\botlib\be_aas_routealt.cpp">
      <Filter>botlib</Filter>
    </ClCompile>
    <ClCompile Include="..\..\code\botlib\be_aas_sample.cpp">
      <Filter>botlib</Filter>
    </ClCompile>
    <ClCompile Include="..\..\code\botlib\be_ai_char.cpp">
      <Filter>botlib</Filter>
    </ClCompile>
    <ClCompile Include="..\..\code\botlib\be_ai_chat.cpp">
      <Filter>botlib</Filter>
    </ClCompile>
    <ClCompile Include="..\..\code\botlib\be_ai_gen.cpp">
      <Filter>botlib</Filter>
    </ClCompile>
    <ClCompile Include="..\..\code\botlib\be_ai_goal.cpp">
      <Filter>botlib</Filter>
    </ClCompile>
    <ClCompile Include="..\..\code\botlib\be_ai_move.cpp">
      <Filter>botlib</Filter>
    </ClCompile>
    <ClCompile Include="..\..\code\botlib\be_ai_weap.cpp">
      <Filter>botlib</Filter>
    </ClCompile>
    <ClCompile Include="..\..\code\botlib\be_ai_weight.cpp">
      <Filter>botlib</Filter>
    </ClCompile>
    <ClCompile Include="..\..\code\botlib\be_ea.cpp">
      <Filter>botlib</Filter>
    </ClCompile>
    <ClCompile Include="..\..\code\botlib\be_interface.cpp">
      <Filter>botlib</Filter>
    </ClCompile>
    <ClCompile Include="..\..\code\botlib\l_crc.cpp">
      <Filter>botlib</Filter>
    </ClCompile>
    <ClCompile Include="..\..\code\botlib\l_libvar.cpp">
      <Filter>botlib</Filter>
    </ClCompile>
    <ClCompile Include="..\..\code\botlib\l_log.cpp">
      <Filter>botlib</Filter>
    </ClCompile>
    <ClCompile Include="..\..\code\botlib\l_memory.cpp">
      <Filter>botlib</Filter>
    </ClCompile>
    <ClCompile Include="..\..\code\botlib\l_precomp.cpp">
      <Filter>botlib</Filter>
    </ClCompile>
    <ClCompile Include="..\..\code\botlib\l_script.cpp">
      <Filter>botlib</Filter>
    </ClCompile>
    <ClCompile Include="..\..\code\botlib\l_struct.cpp">
      <Filter>botlib</Filter>
    </ClCompile>
    <ClCompile Include="..\..\code\zlib\adler32.cpp">
      <Filter>zlib</Filter>
    </ClCompile>
    <ClCompile Include="..\..\code\zlib\crc32.cpp">
      <Filter>zlib</Filter>
    </ClCompile>
    <ClCompile Include="..\..\code\zlib\inffast.cpp">
      <Filter>zlib</Filter>
    </ClCompile>
    <ClCompile Include="..\..\code\zlib\inflate.cpp">
      <Filter>zlib</Filter>
    </ClCompile>
    <ClCompile Include="..\..\code\zlib\inftrees.cpp">
      <Filter>zlib</Filter>
    </ClCompile>
    <ClCompile Include="..\..\code\zlib\zutil.cpp">
      <Filter>zlib</Filter>
    </ClCompile>
    <ClCompile Include="..\..\code\opus-1.2.1\silk\A2NLSF.cpp">
      <Filter>opus\silk</Filter>
    </ClCompile>
    <ClCompile Include="..\..\code\opus-1.2.1\silk\ana_filt_bank_1.cpp">
      <Filter>opus\silk</Filter>
    </ClCompile>
    <ClCompile Include="..\..\code\opus-1.2.1\silk\biquad_alt.cpp">
      <Filter>opus\silk</Filter>
    </ClCompile>
    <ClCompile Include="..\..\code\opus-1.2.1\silk\bwexpander.cpp">
      <Filter>opus\silk</Filter>
    </ClCompile>
    <ClCompile Include="..\..\code\opus-1.2.1\silk\bwexpander_32.cpp">
      <Filter>opus\silk</Filter>
    </ClCompile>
    <ClCompile Include="..\..\code\opus-1.2.1\silk\check_control_input.cpp">
      <Filter>opus\silk</Filter>
    </ClCompile>
    <ClCompile Include="..\..\code\opus-1.2.1\silk\CNG.cpp">
      <Filter>opus\silk</Filter>
    </ClCompile>
    <ClCompile Include="..\..\code\opus-1.2.1\silk\code_signs.cpp">
      <Filter>opus\silk</Filter>
    </ClCompile>
    <ClCompile Include="..\..\code\opus-1.2.1\silk\control_audio_bandwidth.cpp">
      <Filter>opus\silk</Filter>
    </ClCompile>
    <ClCompile Include="..\..\code\opus-1.2.1\silk\control_codec.cpp">
      <Filter>opus\silk</Filter>
    </ClCompile>
    <ClCompile Include="..\..\code\opus-1.2.1\silk\control_SNR.cpp">
      <Filter>opus\silk</Filter>
    </ClCompile>
    <ClCompile Include="..\..\code\opus-1.2.1\silk\debug.cpp">
      <Filter>opus\silk</Filter>
    </ClCompile>
    <ClCompile Include="..\..\code\opus-1.2.1\silk\dec_API.cpp">
      <Filter>opus\silk</Filter>
    </ClCompile>
    <ClCompile Include="..\..\code\opus-1.2.1\silk\decoder_set_fs.cpp">
      <Filter>opus\silk</Filter>
    </ClCompile>
    <ClCompile Include="..\..\code\opus-1.2.1\silk\decode_core.cpp">
      <Filter>opus\silk</Filter>
    </ClCompile>
    <ClCompile Include="..\..\code\opus-1.2.1\silk\decode_frame.cpp">
      <Filter>opus\silk</Filter>
    </ClCompile>
    <ClCompile Include="..\..\code\opus-1.2.1\silk\decode_indices.cpp">
      <Filter>opus\silk</Filter>
    </ClCompile>
    <ClCompile Include="..\..\code\opus-1.2.1\silk\decode_parameters.cpp">
      <Filter>opus\silk</Filter>
    </ClCompile>
    <ClCompile Include="..\..\code\opus-1.2.1\silk\decode_pitch.cpp">
      <Filter>opus\silk</Filter>
    </ClCompile>
    <ClCompile Include="..\..\code\opus-1.2.1\silk\decode_pulses.cpp">
      <Filter>opus\silk</Filter>
    </ClCompile>
    <ClCompile Include="..\..\code\opus-1.2.1\silk\enc_API.cpp">
      <Filter>opus\silk</Filter>
    </ClCompile>
    <ClCompile Include="..\..\code\opus-1.2.1\silk\encode_indices.cpp">
      <Filter>opus\silk</Filter>
    </ClCompile>
    <ClCompile Include="..\..\code\opus-1.2.1\silk\encode_pulses.cpp">
      <Filter>opus\silk</Filter>
    </ClCompile>
    <ClCompile Include="..\..\code\opus-1.2.1\silk\gain_quant.cpp">
      <Filter>opus\silk</Filter>
    </ClCompile>
    <ClCompile Include="..\..\code\opus-1.2.1\silk\HP_variable_cutoff.cpp">
      <Filter>opus\silk</Filter>
    </ClCompile>
    <ClCompile Include="..\..\code\opus-1.2.1\silk\init_decoder.cpp">
      <Filter>opus\silk</Filter>
    </ClCompile>
    <ClCompile Include="..\..\code\opus-1.2.1\silk\init_encoder.cpp">
      <Filter>opus\silk</Filter>
    </ClCompile>
    <ClCompile Include="..\..\code\opus-1.2.1\silk\inner_prod_aligned.cpp">
      <Filter>opus\silk</Filter>
    </ClCompile>
    <ClCompile Include="..\..\code\opus-1.2.1\silk\interpolate.cpp">
      <Filter>opus\silk</Filter>
    </ClCompile>
    <ClCompile Include="..\..\code\opus-1.2.1\silk\lin2log.cpp">
      <Filter>opus\silk</Filter>
    </ClCompile>
    <ClCompile Include="..\..\code\opus-1.2.1\silk\log2lin.cpp">
      <Filter>opus\silk</Filter>
    </ClCompile>
    <ClCompile Include="..\..\code\opus-1.2.1\silk\LP_variable_cutoff.cpp">
      <Filter>opus\silk</Filter>
    </ClCompile>
    <ClCompile Include="..\..\code\opus-1.2.1\silk\LPC_analysis_filter.cpp">
      <Filter>opus\silk</Filter>
    </ClCompile>
    <ClCompile Include="..\..\code\opus-1.2.1\silk\LPC_fit.cpp">
      <Filter>opus\silk</Filter>
    </ClCompile>
    <ClCompile Include="..\..\code\opus-1.2.1\silk\LPC_inv_pred_gain.cpp">
      <Filter>opus\silk</Filter>
    </ClCompile>
    <ClCompile Include="..\..\code\opus-1.2.1\silk\NLSF_decode.cpp">
      <Filter>opus\silk</Filter>
    </ClCompile>
    <ClCompile Include="..\..\code\opus-1.2.1\silk\NLSF_del_dec_quant.cpp">
      <Filter>opus\silk</Filter>
    </ClCompile>
    <ClCompile Include="..\..\code\opus-1.2.1\silk\NLSF_encode.cpp">
      <Filter>opus\silk</Filter>
    </ClCompile>
    <ClCompile Include="..\..\code\opus-1.2.1\silk\NLSF_stabilize.cpp">
      <Filter>opus\silk</Filter>
    </ClCompile>
    <ClCompile Include="..\..\code\opus-1.2.1\silk\NLSF_unpack.cpp">
      <Filter>opus\silk</Filter>
    </ClCompile>
    <ClCompile Include="..\..\code\opus-1.2.1\silk\NLSF_VQ.cpp">
      <Filter>opus\silk</Filter>
    </ClCompile>
    <ClCompile Include="..\..\code\opus-1.2.1\silk\NLSF_VQ_weights_laroia.cpp">
      <Filter>opus\silk</Filter>
    </ClCompile>
    <ClCompile Include="..\..\code\opus-1.2.1\silk\NLSF2A.cpp">
      <Filter>opus\silk</Filter>
    </ClCompile>
    <ClCompile Include="..\..\code\opus-1.2.1\silk\NSQ.cpp">
      <Filter>opus\silk</Filter>
    </ClCompile>
    <ClCompile Include="..\..\code\opus-1.2.1\silk\NSQ_del_dec.cpp">
      <Filter>opus\silk</Filter>
    </ClCompile>
    <ClCompile Include="..\..\code\opus-1.2.1\silk\pitch_est_tables.cpp">
      <Filter>opus\silk</Filter>
    </ClCompile>
    <ClCompile Include="..\..\code\opus-1.2.1\silk\PLC.cpp">
      <Filter>opus\silk</Filter>
    </ClCompile>
    <ClCompile Include="..\..\code\opus-1.2.1\silk\process_NLSFs.cpp">
      <Filter>opus\silk</Filter>
    </ClCompile>
    <ClCompile Include="..\..\code\opus-1.2.1\silk\quant_LTP_gains.cpp">
      <Filter>opus\silk</Filter>
    </ClCompile>
    <ClCompile Include="..\..\code\opus-1.2.1\silk\resampler.cpp">
      <Filter>opus\silk</Filter>
    </ClCompile>
    <ClCompile Include="..\..\code\opus-1.2.1\silk\resampler_down2.cpp">
      <Filter>opus\silk</Filter>
    </ClCompile>
    <ClCompile Include="..\..\code\opus-1.2.1\silk\resampler_down2_3.cpp">
      <Filter>opus\silk</Filter>
    </ClCompile>
    <ClCompile Include="..\..\code\opus-1.2.1\silk\resampler_private_AR2.cpp">
      <Filter>opus\silk</Filter>
    </ClCompile>
    <ClCompile Include="..\..\code\opus-1.2.1\silk\resampler_private_down_FIR.cpp">
      <Filter>opus\silk</Filter>
    </ClCompile>
    <ClCompile Include="..\..\code\opus-1.2.1\silk\resampler_private_IIR_FIR.cpp">
      <Filter>opus\silk</Filter>
    </ClCompile>
    <ClCompile Include="..\..\code\opus-1.2.1\silk\resampler_private_up2_HQ.cpp">
      <Filter>opus\silk</Filter>
    </ClCompile>
    <ClCompile Include="..\..\code\opus-1.2.1\silk\resampler_rom.cpp">
      <Filter>opus\silk</Filter>
    </ClCompile>
    <ClCompile Include="..\..\code\opus-1.2.1\silk\shell_coder.cpp">
      <Filter>opus\silk</Filter>
    </ClCompile>
    <ClCompile Include="..\..\code\opus-1.2.1\silk\sigm_Q15.cpp">
      <Filter>opus\silk</Filter>
    </ClCompile>
    <ClCompile Include="..\..\code\opus-1.2.1\silk\sort.cpp">
      <Filter>opus\silk</Filter>
    </ClCompile>
    <ClCompile Include="..\..\code\opus-1.2.1\silk\stereo_decode_pred.cpp">
      <Filter>opus\silk</Filter>
    </ClCompile>
    <ClCompile Include="..\..\code\opus-1.2.1\silk\stereo_encode_pred.cpp">
      <Filter>opus\silk</Filter>
    </ClCompile>
    <ClCompile Include="..\..\code\opus-1.2.1\silk\stereo_find_predictor.cpp">
      <Filter>opus\silk</Filter>
    </ClCompile>
    <ClCompile Include="..\..\code\opus-1.2.1\silk\stereo_LR_to_MS.cpp">
      <Filter>opus\silk</Filter>
    </ClCompile>
    <ClCompile Include="..\..\code\opus-1.2.1\silk\stereo_MS_to_LR.cpp">
      <Filter>opus\silk</Filter>
    </ClCompile>
    <ClCompile Include="..\..\code\opus-1.2.1\silk\stereo_quant_pred.cpp">
      <Filter>opus\silk</Filter>
    </ClCompile>
    <ClCompile Include="..\..\code\opus-1.2.1\silk\sum_sqr_shift.cpp">
      <Filter>opus\silk</Filter>
    </ClCompile>
    <ClCompile Include="..\..\code\opus-1.2.1\silk\table_LSF_cos.cpp">
      <Filter>opus\silk</Filter>
    </ClCompile>
    <ClCompile Include="..\..\code\opus-1.2.1\silk\tables_gain.cpp">
      <Filter>opus\silk</Filter>
    </ClCompile>
    <ClCompile Include="..\..\code\opus-1.2.1\silk\tables_LTP.cpp">
      <Filter>opus\silk</Filter>
    </ClCompile>
    <ClCompile Include="..\..\code\opus-1.2.1\silk\tables_NLSF_CB_NB_MB.cpp">
      <Filter>opus\silk</Filter>
    </ClCompile>
    <ClCompile Include="..\..\code\opus-1.2.1\silk\tables_NLSF_CB_WB.cpp">
      <Filter>opus\silk</Filter>
    </ClCompile>
    <ClCompile Include="..\..\code\opus-1.2.1\silk\tables_other.cpp">
      <Filter>opus\silk</Filter>
    </ClCompile>
    <ClCompile Include="..\..\code\opus-1.2.1\silk\tables_pitch_lag.cpp">
      <Filter>opus\silk</Filter>
    </ClCompile>
    <ClCompile Include="..\..\code\opus-1.2.1\silk\tables_pulses_per_block.cpp">
      <Filter>opus\silk</Filter>
    </ClCompile>
    <ClCompile Include="..\..\code\opus-1.2.1\silk\VAD.cpp">
      <Filter>opus\silk</Filter>
    </ClCompile>
    <ClCompile Include="..\..\code\opus-1.2.1\silk\VQ_WMat_EC.cpp">
      <Filter>opus\silk</Filter>
    </ClCompile>
    <ClCompile Include="..\..\code\opus-1.2.1\silk\float\apply_sine_window_FLP.cpp">
      <Filter>opus\silk\float</Filter>
    </ClCompile>
    <ClCompile Include="..\..\code\opus-1.2.1\silk\float\autocorrelation_FLP.cpp">
      <Filter>opus\silk\float</Filter>
    </ClCompile>
    <ClCompile Include="..\..\code\opus-1.2.1\silk\float\burg_modified_FLP.cpp">
      <Filter>opus\silk\float</Filter>
    </ClCompile>
    <ClCompile Include="..\..\code\opus-1.2.1\silk\float\bwexpander_FLP.cpp">
      <Filter>opus\silk\float</Filter>
    </ClCompile>
    <ClCompile Include="..\..\code\opus-1.2.1\silk\float\corrMatrix_FLP.cpp">
      <Filter>opus\silk\float</Filter>
    </ClCompile>
    <ClCompile Include="..\..\code\opus-1.2.1\silk\float\encode_frame_FLP.cpp">
      <Filter>opus\silk\float</Filter>
    </ClCompile>
    <ClCompile Include="..\..\code\opus-1.2.1\silk\float\energy_FLP.cpp">
      <Filter>opus\silk\float</Filter>
    </ClCompile>
    <ClCompile Include="..\..\code\opus-1.2.1\silk\float\find_LPC_FLP.cpp">
      <Filter>opus\silk\float</Filter>
    </ClCompile>
    <ClCompile Include="..\..\code\opus-1.2.1\silk\float\find_LTP_FLP.cpp">
      <Filter>opus\silk\float</Filter>
    </ClCompile>
    <ClCompile Include="..\..\code\opus-1.2.1\silk\float\find_pitch_lags_FLP.cpp">
      <Filter>opus\silk\float</Filter>
    </ClCompile>
    <ClCompile Include="..\..\code\opus-1.2.1\silk\float\find_pred_coefs_FLP.cpp">
      <Filter>opus\silk\float</Filter>
    </ClCompile>
    <ClCompile Include="..\..\code\opus-1.2.1\silk\float\inner_product_FLP.cpp">
      <Filter>opus\silk\float</Filter>
    </ClCompile>
    <ClCompile Include="..\..\code\opus-1.2.1\silk\float\LPC_analysis_filter_FLP.cpp">
      <Filter>opus\silk\float</Filter>
    </ClCompile>
    <ClCompile Include="..\..\code\opus-1.2.1\silk\float\LPC_inv_pred_gain_FLP.cpp">
      <Filter>opus\silk\float</Filter>
    </ClCompile>
    <ClCompile Include="..\..\code\opus-1.2.1\silk\float\LTP_analysis_filter_FLP.cpp">
      <Filter>opus\silk\float</Filter>
    </ClCompile>
    <ClCompile Include="..\..\code\opus-1.2.1\silk\float\LTP_scale_ctrl_FLP.cpp">
      <Filter>opus\silk\float</Filter>
    </ClCompile>
    <ClCompile Include="..\..\code\opus-1.2.1\silk\float\noise_shape_analysis_FLP.cpp">
      <Filter>opus\silk\float</Filter>
    </ClCompile>
    <ClCompile Include="..\..\code\opus-1.2.1\silk\float\pitch_analysis_core_FLP.cpp">
      <Filter>opus\silk\float</Filter>
    </ClCompile>
    <ClCompile Include="..\..\code\opus-1.2.1\silk\float\k2a_FLP.cpp">
      <Filter>opus\silk\float</Filter>
    </ClCompile>
    <ClCompile Include="..\..\code\opus-1.2.1\celt\celt.cpp">
      <Filter>opus\celt</Filter>
    </ClCompile>
    <ClCompile Include="..\..\code\opus-1.2.1\celt\celt_decoder.cpp">
      <Filter>opus\celt</Filter>
    </ClCompile>
    <ClCompile Include="..\..\code\opus-1.2.1\celt\celt_encoder.cpp">
      <Filter>opus\celt</Filter>
    </ClCompile>
    <ClCompile Include="..\..\code\opus-1.2.1\celt\celt_lpc.cpp">
      <Filter>opus\celt</Filter>
    </ClCompile>
    <ClCompile Include="..\..\code\opus-1.2.1\celt\cwrs.cpp">
      <Filter>opus\celt</Filter>
    </ClCompile>
    <ClCompile Include="..\..\code\opus-1.2.1\celt\entcode.cpp">
      <Filter>opus\celt</Filter>
    </ClCompile>
    <ClCompile Include="..\..\code\opus-1.2.1\celt\entdec.cpp">
      <Filter>opus\celt</Filter>
    </ClCompile>
    <ClCompile Include="..\..\code\opus-1.2.1\celt\entenc.cpp">
      <Filter>opus\celt</Filter>
    </ClCompile>
    <ClCompile Include="..\..\code\opus-1.2.1\celt\kiss_fft.cpp">
      <Filter>opus\celt</Filter>
    </ClCompile>
    <ClCompile Include="..\..\code\opus-1.2.1\celt\laplace.cpp">
      <Filter>opus\celt</Filter>
    </ClCompile>
    <ClCompile Include="..\..\code\opus-1.2.1\celt\mathops.cpp">
      <Filter>opus\celt</Filter>
    </ClCompile>
    <ClCompile Include="..\..\code\opus-1.2.1\celt\mdct.cpp">
      <Filter>opus\celt</Filter>
    </ClCompile>
    <ClCompile Include="..\..\code\opus-1.2.1\celt\modes.cpp">
      <Filter>opus\celt</Filter>
    </ClCompile>
    <ClCompile Include="..\..\code\opus-1.2.1\celt\pitch.cpp">
      <Filter>opus\celt</Filter>
    </ClCompile>
    <ClCompile Include="..\..\code\opus-1.2.1\celt\quant_bands.cpp">
      <Filter>opus\celt</Filter>
    </ClCompile>
    <ClCompile Include="..\..\code\opus-1.2.1\celt\rate.cpp">
      <Filter>opus\celt</Filter>
    </ClCompile>
    <ClCompile Include="..\..\code\opus-1.2.1\celt\vq.cpp">
      <Filter>opus\celt</Filter>
    </ClCompile>
    <ClCompile Include="..\..\code\opus-1.2.1\silk\float\regularize_correlations_FLP.cpp">
      <Filter>opus\silk\float</Filter>
    </ClCompile>
    <ClCompile Include="..\..\code\opus-1.2.1\silk\float\residual_energy_FLP.cpp">
      <Filter>opus\silk\float</Filter>
    </ClCompile>
    <ClCompile Include="..\..\code\opus-1.2.1\silk\float\scale_copy_vector_FLP.cpp">
      <Filter>opus\silk\float</Filter>
    </ClCompile>
    <ClCompile Include="..\..\code\opus-1.2.1\silk\float\scale_vector_FLP.cpp">
      <Filter>opus\silk\float</Filter>
    </ClCompile>
    <ClCompile Include="..\..\code\opus-1.2.1\silk\float\schur_FLP.cpp">
      <Filter>opus\silk\float</Filter>
    </ClCompile>
    <ClCompile Include="..\..\code\opus-1.2.1\src\analysis.cpp">
      <Filter>opus</Filter>
    </ClCompile>
    <ClCompile Include="..\..\code\opus-1.2.1\src\mlp.cpp">
      <Filter>opus</Filter>
    </ClCompile>
    <ClCompile Include="..\..\code\opus-1.2.1\src\mlp_data.cpp">
      <Filter>opus</Filter>
    </ClCompile>
    <ClCompile Include="..\..\code\opus-1.2.1\src\opus.cpp">
      <Filter>opus</Filter>
    </ClCompile>
    <ClCompile Include="..\..\code\opus-1.2.1\src\opus_decoder.cpp">
      <Filter>opus</Filter>
    </ClCompile>
    <ClCompile Include="..\..\code\opus-1.2.1\src\opus_encoder.cpp">
      <Filter>opus</Filter>
    </ClCompile>
    <ClCompile Include="..\..\code\opus-1.2.1\src\opus_multistream.cpp">
      <Filter>opus</Filter>
    </ClCompile>
    <ClCompile Include="..\..\code\opus-1.2.1\src\opus_multistream_decoder.cpp">
      <Filter>opus</Filter>
    </ClCompile>
    <ClCompile Include="..\..\code\opus-1.2.1\src\opus_multistream_encoder.cpp">
      <Filter>opus</Filter>
    </ClCompile>
    <ClCompile Include="..\..\code\opus-1.2.1\src\repacketizer.cpp">
      <Filter>opus</Filter>
    </ClCompile>
    <ClCompile Include="..\..\code\opus-1.2.1\celt\bands.cpp">
      <Filter>opus\celt</Filter>
    </ClCompile>
    <ClCompile Include="..\..\code\opus-1.2.1\silk\float\process_gains_FLP.cpp">
      <Filter>opus\silk\float</Filter>
    </ClCompile>
    <ClCompile Include="..\..\code\opus-1.2.1\silk\float\wrappers_FLP.cpp">
      <Filter>opus\silk\float</Filter>
    </ClCompile>
    <ClCompile Include="..\..\code\opus-1.2.1\silk\float\warped_autocorrelation_FLP.cpp">
      <Filter>opus\silk\float</Filter>
    </ClCompile>
    <ClCompile Include="..\..\code\opus-1.2.1\silk\float\sort_FLP.cpp">
      <Filter>opus\silk\float</Filter>
    </ClCompile>
    <ClCompile Include="..\..\code\client\libmumblelink.cpp" />
    <ClCompile Include="..\..\code\client\snd_altivec.cpp" />
    <ClCompile Include="..\..\code\client\snd_codec_opus.cpp" />
  </ItemGroup>
  <ItemGroup>
    <ClInclude Include="..\..\code\cgame\cg_public.h" />
    <ClInclude Include="..\..\code\client\client.h" />
    <ClInclude Include="..\..\code\client\cl_curl.h" />
    <ClInclude Include="..\..\code\client\keycodes.h" />
    <ClInclude Include="..\..\code\client\keys.h" />
    <ClInclude Include="..\..\code\client\qal.h" />
    <ClInclude Include="..\..\code\client\snd_local.h" />
    <ClInclude Include="..\..\code\client\snd_public.h" />
    <ClInclude Include="..\..\code\game\bg_public.h" />
    <ClInclude Include="..\..\code\game\g_public.h" />
    <ClInclude Include="..\..\code\qcommon\cm_local.h" />
    <ClInclude Include="..\..\code\qcommon\cm_patch.h" />
    <ClInclude Include="..\..\code\qcommon\cm_polylib.h" />
    <ClInclude Include="..\..\code\qcommon\cm_public.h" />
    <ClInclude Include="..\..\code\qcommon\puff.h" />
    <ClInclude Include="..\..\code\qcommon\qcommon.h" />
    <ClInclude Include="..\..\code\qcommon\qfiles.h" />
    <ClInclude Include="..\..\code\qcommon\q_shared.h" />
    <ClInclude Include="..\..\code\qcommon\surfaceflags.h" />
    <ClInclude Include="..\..\code\qcommon\unzip.h" />
    <ClInclude Include="..\..\code\qcommon\vm_local.h" />
    <ClInclude Include="..\..\code\renderercommon\qgl.h" />
    <ClInclude Include="..\..\code\renderercommon\tr_types.h" />
    <ClInclude Include="..\..\code\renderercommon\tr_public.h" />
    <ClInclude Include="..\..\code\server\server.h" />
    <ClInclude Include="..\..\code\sys\win_resource.h" />
    <ClInclude Include="..\..\code\ui\ui_public.h" />
    <ClInclude Include="..\..\code\botlib\aasfile.h">
      <Filter>botlib</Filter>
    </ClInclude>
    <ClInclude Include="..\..\code\botlib\be_aas_bsp.h">
      <Filter>botlib</Filter>
    </ClInclude>
    <ClInclude Include="..\..\code\botlib\be_aas_cluster.h">
      <Filter>botlib</Filter>
    </ClInclude>
    <ClInclude Include="..\..\code\botlib\be_aas_debug.h">
      <Filter>botlib</Filter>
    </ClInclude>
    <ClInclude Include="..\..\code\botlib\be_aas_def.h">
      <Filter>botlib</Filter>
    </ClInclude>
    <ClInclude Include="..\..\code\botlib\be_aas_entity.h">
      <Filter>botlib</Filter>
    </ClInclude>
    <ClInclude Include="..\..\code\botlib\be_aas_file.h">
      <Filter>botlib</Filter>
    </ClInclude>
    <ClInclude Include="..\..\code\botlib\be_aas_funcs.h">
      <Filter>botlib</Filter>
    </ClInclude>
    <ClInclude Include="..\..\code\botlib\be_aas_main.h">
      <Filter>botlib</Filter>
    </ClInclude>
    <ClInclude Include="..\..\code\botlib\be_aas_move.h">
      <Filter>botlib</Filter>
    </ClInclude>
    <ClInclude Include="..\..\code\botlib\be_aas_optimize.h">
      <Filter>botlib</Filter>
    </ClInclude>
    <ClInclude Include="..\..\code\botlib\be_aas_reach.h">
      <Filter>botlib</Filter>
    </ClInclude>
    <ClInclude Include="..\..\code\botlib\be_aas_route.h">
      <Filter>botlib</Filter>
    </ClInclude>
    <ClInclude Include="..\..\code\botlib\be_aas_routealt.h">
      <Filter>botlib</Filter>
    </ClInclude>
    <ClInclude Include="..\..\code\botlib\be_aas_sample.h">
      <Filter>botlib</Filter>
    </ClInclude>
    <ClInclude Include="..\..\code\botlib\be_ai_weight.h">
      <Filter>botlib</Filter>
    </ClInclude>
    <ClInclude Include="..\..\code\botlib\be_interface.h">
      <Filter>botlib</Filter>
    </ClInclude>
    <ClInclude Include="..\..\code\botlib\l_utils.h">
      <Filter>botlib</Filter>
    </ClInclude>
    <ClInclude Include="..\..\code\botlib\l_crc.h">
      <Filter>botlib</Filter>
    </ClInclude>
    <ClInclude Include="..\..\code\botlib\l_libvar.h">
      <Filter>botlib</Filter>
    </ClInclude>
    <ClInclude Include="..\..\code\botlib\l_log.h">
      <Filter>botlib</Filter>
    </ClInclude>
    <ClInclude Include="..\..\code\botlib\l_memory.h">
      <Filter>botlib</Filter>
    </ClInclude>
    <ClInclude Include="..\..\code\botlib\l_precomp.h">
      <Filter>botlib</Filter>
    </ClInclude>
    <ClInclude Include="..\..\code\botlib\l_script.h">
      <Filter>botlib</Filter>
    </ClInclude>
    <ClInclude Include="..\..\code\botlib\l_struct.h">
      <Filter>botlib</Filter>
    </ClInclude>
  </ItemGroup>
  <ItemGroup>
    <CustomBuild Include="..\..\code\asm\ftola.asm" />
    <CustomBuild Include="..\..\code\asm\snapvector.asm" />
  </ItemGroup>
  <ItemGroup>
    <ResourceCompile Include="..\..\code\sys\win_resource.rc" />
  </ItemGroup>
  <ItemGroup>
    <Filter Include="opus">
      <UniqueIdentifier>{d6204e4b-159e-401d-a96a-3d1b72f5df0a}</UniqueIdentifier>
    </Filter>
    <Filter Include="opus\celt">
      <UniqueIdentifier>{c2fe2fed-c3c6-4bc8-9372-2db1a3d924f2}</UniqueIdentifier>
    </Filter>
    <Filter Include="opus\silk">
      <UniqueIdentifier>{722d3052-e380-4561-9e7a-c28529679f03}</UniqueIdentifier>
    </Filter>
    <Filter Include="opus\silk\float">
      <UniqueIdentifier>{315655da-209f-4733-bf40-e5ecc84dc00b}</UniqueIdentifier>
    </Filter>
    <Filter Include="botlib">
      <UniqueIdentifier>{6961d5c6-f671-48f2-ae60-25b4274d2f55}</UniqueIdentifier>
    </Filter>
    <Filter Include="zlib">
      <UniqueIdentifier>{896eb09e-4521-4061-8cba-7dbd49166a36}</UniqueIdentifier>
    </Filter>
  </ItemGroup>
</Project>